
Microsoft Visual Studio Solution File, Format Version 12.00
# Visual Studio Version 17
VisualStudioVersion = 17.0.31903.59
MinimumVisualStudioVersion = 10.0.40219.1
Project("{FAE04EC0-301F-11D3-BF4B-00C04F79EFBC}") = "laba3", "laba3.csproj", "{7C902C58-4164-432F-9E36-5E185CC9AC23}"
EndProject
Global
	GlobalSection(SolutionConfigurationPlatforms) = preSolution
		Debug|Any CPU = Debug|Any CPU
		Release|Any CPU = Release|Any CPU
	EndGlobalSection
	GlobalSection(ProjectConfigurationPlatforms) = postSolution
		{7C902C58-4164-432F-9E36-5E185CC9AC23}.Debug|Any CPU.ActiveCfg = Debug|Any CPU
		{7C902C58-4164-432F-9E36-5E185CC9AC23}.Debug|Any CPU.Build.0 = Debug|Any CPU
		{7C902C58-4164-432F-9E36-5E185CC9AC23}.Release|Any CPU.ActiveCfg = Release|Any CPU
		{7C902C58-4164-432F-9E36-5E185CC9AC23}.Release|Any CPU.Build.0 = Release|Any CPU
	EndGlobalSection
	GlobalSection(SolutionProperties) = preSolution
		HideSolutionNode = FALSE
	EndGlobalSection
	GlobalSection(ExtensibilityGlobals) = postSolution
		SolutionGuid = {5584CA0F-5267-470C-9741-AD09F175C70C}
	EndGlobalSection
EndGlobal
